// !$*UTF8*$!
{
	archiveVersion = 1;
	classes = {
	};
	objectVersion = 46;
	objects = {

/* Begin PBXBuildFile section */
		3546F34D1DE3678F005702EE /* String+Subscript.swift in Sources */ = {isa = PBXBuildFile; fileRef = 3546F34C1DE3678F005702EE /* String+Subscript.swift */; };
		3546F34E1DE3678F005702EE /* String+Subscript.swift in Sources */ = {isa = PBXBuildFile; fileRef = 3546F34C1DE3678F005702EE /* String+Subscript.swift */; };
		3546F3501DE367A9005702EE /* ChordKit.swift in Sources */ = {isa = PBXBuildFile; fileRef = 3546F34F1DE367A9005702EE /* ChordKit.swift */; };
		3546F3511DE367A9005702EE /* ChordKit.swift in Sources */ = {isa = PBXBuildFile; fileRef = 3546F34F1DE367A9005702EE /* ChordKit.swift */; };
		3546F3531DE367E9005702EE /* UInt+Indentation.swift in Sources */ = {isa = PBXBuildFile; fileRef = 3546F3521DE367E9005702EE /* UInt+Indentation.swift */; };
		3546F3541DE367E9005702EE /* UInt+Indentation.swift in Sources */ = {isa = PBXBuildFile; fileRef = 3546F3521DE367E9005702EE /* UInt+Indentation.swift */; };
		3546F3561DE36877005702EE /* Printable.swift in Sources */ = {isa = PBXBuildFile; fileRef = 3546F3551DE36877005702EE /* Printable.swift */; };
		3546F3571DE36877005702EE /* Printable.swift in Sources */ = {isa = PBXBuildFile; fileRef = 3546F3551DE36877005702EE /* Printable.swift */; };
		3546F3591DE368A1005702EE /* Color.swift in Sources */ = {isa = PBXBuildFile; fileRef = 3546F3581DE368A1005702EE /* Color.swift */; };
		3546F35A1DE368A1005702EE /* Color.swift in Sources */ = {isa = PBXBuildFile; fileRef = 3546F3581DE368A1005702EE /* Color.swift */; };
		3546F35C1DE368BC005702EE /* Point.swift in Sources */ = {isa = PBXBuildFile; fileRef = 3546F35B1DE368BC005702EE /* Point.swift */; };
		3546F35D1DE368BC005702EE /* Point.swift in Sources */ = {isa = PBXBuildFile; fileRef = 3546F35B1DE368BC005702EE /* Point.swift */; };
		3546F3601DE36950005702EE /* Node.swift in Sources */ = {isa = PBXBuildFile; fileRef = 3546F35F1DE36950005702EE /* Node.swift */; };
		3546F3611DE36950005702EE /* Node.swift in Sources */ = {isa = PBXBuildFile; fileRef = 3546F35F1DE36950005702EE /* Node.swift */; };
		3546F3631DE3697B005702EE /* SVG.swift in Sources */ = {isa = PBXBuildFile; fileRef = 3546F3621DE3697B005702EE /* SVG.swift */; };
		3546F3641DE3697B005702EE /* SVG.swift in Sources */ = {isa = PBXBuildFile; fileRef = 3546F3621DE3697B005702EE /* SVG.swift */; };
		3546F3661DE369DC005702EE /* Config.swift in Sources */ = {isa = PBXBuildFile; fileRef = 3546F3651DE369DC005702EE /* Config.swift */; };
		3546F3671DE369DC005702EE /* Config.swift in Sources */ = {isa = PBXBuildFile; fileRef = 3546F3651DE369DC005702EE /* Config.swift */; };
		3546F3691DE36A15005702EE /* Text.swift in Sources */ = {isa = PBXBuildFile; fileRef = 3546F3681DE36A15005702EE /* Text.swift */; };
		3546F36A1DE36A15005702EE /* Text.swift in Sources */ = {isa = PBXBuildFile; fileRef = 3546F3681DE36A15005702EE /* Text.swift */; };
		3546F36C1DE36A2D005702EE /* Line.swift in Sources */ = {isa = PBXBuildFile; fileRef = 3546F36B1DE36A2D005702EE /* Line.swift */; };
		3546F36D1DE36A2D005702EE /* Line.swift in Sources */ = {isa = PBXBuildFile; fileRef = 3546F36B1DE36A2D005702EE /* Line.swift */; };
		3546F36F1DE36A40005702EE /* Cross.swift in Sources */ = {isa = PBXBuildFile; fileRef = 3546F36E1DE36A40005702EE /* Cross.swift */; };
		3546F3701DE36A40005702EE /* Cross.swift in Sources */ = {isa = PBXBuildFile; fileRef = 3546F36E1DE36A40005702EE /* Cross.swift */; };
		3546F3721DE36A5C005702EE /* Circle.swift in Sources */ = {isa = PBXBuildFile; fileRef = 3546F3711DE36A5C005702EE /* Circle.swift */; };
		3546F3731DE36A5C005702EE /* Circle.swift in Sources */ = {isa = PBXBuildFile; fileRef = 3546F3711DE36A5C005702EE /* Circle.swift */; };
		3546F3751DE36AA4005702EE /* Note.swift in Sources */ = {isa = PBXBuildFile; fileRef = 3546F3741DE36AA4005702EE /* Note.swift */; };
		3546F3761DE36AA4005702EE /* Note.swift in Sources */ = {isa = PBXBuildFile; fileRef = 3546F3741DE36AA4005702EE /* Note.swift */; };
		3546F3781DE36AF9005702EE /* Chord.swift in Sources */ = {isa = PBXBuildFile; fileRef = 3546F3771DE36AF9005702EE /* Chord.swift */; };
		3546F3791DE36AF9005702EE /* Chord.swift in Sources */ = {isa = PBXBuildFile; fileRef = 3546F3771DE36AF9005702EE /* Chord.swift */; };
		3546F37B1DE36B8B005702EE /* String+Parser.swift in Sources */ = {isa = PBXBuildFile; fileRef = 3546F37A1DE36B8B005702EE /* String+Parser.swift */; };
		3546F37C1DE36B8B005702EE /* String+Parser.swift in Sources */ = {isa = PBXBuildFile; fileRef = 3546F37A1DE36B8B005702EE /* String+Parser.swift */; };
		AD97D2ED1DE349F4001703A9 /* ChordKit.framework in Frameworks */ = {isa = PBXBuildFile; fileRef = AD97D2E31DE349F4001703A9 /* ChordKit.framework */; };
		AD97D2F21DE349F4001703A9 /* ChordKitTests.swift in Sources */ = {isa = PBXBuildFile; fileRef = AD97D2F11DE349F4001703A9 /* ChordKitTests.swift */; };
		AD97D2F41DE349F4001703A9 /* ChordKit.h in Headers */ = {isa = PBXBuildFile; fileRef = AD97D2E61DE349F4001703A9 /* ChordKit.h */; settings = {ATTRIBUTES = (Public, ); }; };
		AD97D3051DE34A33001703A9 /* main.swift in Sources */ = {isa = PBXBuildFile; fileRef = AD97D3041DE34A33001703A9 /* main.swift */; };
/* End PBXBuildFile section */

/* Begin PBXContainerItemProxy section */
		AD97D2EE1DE349F4001703A9 /* PBXContainerItemProxy */ = {
			isa = PBXContainerItemProxy;
			containerPortal = AD97D2DA1DE349F4001703A9 /* Project object */;
			proxyType = 1;
			remoteGlobalIDString = AD97D2E21DE349F4001703A9;
			remoteInfo = ChordKit;
		};
/* End PBXContainerItemProxy section */

/* Begin PBXCopyFilesBuildPhase section */
		AD97D3001DE34A33001703A9 /* CopyFiles */ = {
			isa = PBXCopyFilesBuildPhase;
			buildActionMask = 2147483647;
			dstPath = /usr/share/man/man1/;
			dstSubfolderSpec = 0;
			files = (
			);
			runOnlyForDeploymentPostprocessing = 1;
		};
/* End PBXCopyFilesBuildPhase section */

/* Begin PBXFileReference section */
		3546F34C1DE3678F005702EE /* String+Subscript.swift */ = {isa = PBXFileReference; fileEncoding = 4; lastKnownFileType = sourcecode.swift; name = "String+Subscript.swift"; path = "Common/Extensions/String+Subscript.swift"; sourceTree = "<group>"; };
		3546F34F1DE367A9005702EE /* ChordKit.swift */ = {isa = PBXFileReference; fileEncoding = 4; lastKnownFileType = sourcecode.swift; name = ChordKit.swift; path = Common/ChordKit.swift; sourceTree = "<group>"; };
		3546F3521DE367E9005702EE /* UInt+Indentation.swift */ = {isa = PBXFileReference; fileEncoding = 4; lastKnownFileType = sourcecode.swift; name = "UInt+Indentation.swift"; path = "Common/Extensions/UInt+Indentation.swift"; sourceTree = "<group>"; };
		3546F3551DE36877005702EE /* Printable.swift */ = {isa = PBXFileReference; fileEncoding = 4; lastKnownFileType = sourcecode.swift; name = Printable.swift; path = Common/Printable.swift; sourceTree = "<group>"; };
		3546F3581DE368A1005702EE /* Color.swift */ = {isa = PBXFileReference; fileEncoding = 4; lastKnownFileType = sourcecode.swift; name = Color.swift; path = Common/Color.swift; sourceTree = "<group>"; };
		3546F35B1DE368BC005702EE /* Point.swift */ = {isa = PBXFileReference; fileEncoding = 4; lastKnownFileType = sourcecode.swift; name = Point.swift; path = Common/Point.swift; sourceTree = "<group>"; };
		3546F35F1DE36950005702EE /* Node.swift */ = {isa = PBXFileReference; fileEncoding = 4; lastKnownFileType = sourcecode.swift; name = Node.swift; path = Common/SVG/Node.swift; sourceTree = "<group>"; };
		3546F3621DE3697B005702EE /* SVG.swift */ = {isa = PBXFileReference; fileEncoding = 4; lastKnownFileType = sourcecode.swift; name = SVG.swift; path = Common/SVG/SVG.swift; sourceTree = "<group>"; };
		3546F3651DE369DC005702EE /* Config.swift */ = {isa = PBXFileReference; fileEncoding = 4; lastKnownFileType = sourcecode.swift; name = Config.swift; path = Common/Config.swift; sourceTree = "<group>"; };
		3546F3681DE36A15005702EE /* Text.swift */ = {isa = PBXFileReference; fileEncoding = 4; lastKnownFileType = sourcecode.swift; name = Text.swift; path = Common/SVG/Text.swift; sourceTree = "<group>"; };
		3546F36B1DE36A2D005702EE /* Line.swift */ = {isa = PBXFileReference; fileEncoding = 4; lastKnownFileType = sourcecode.swift; name = Line.swift; path = Common/SVG/Line.swift; sourceTree = "<group>"; };
		3546F36E1DE36A40005702EE /* Cross.swift */ = {isa = PBXFileReference; fileEncoding = 4; lastKnownFileType = sourcecode.swift; name = Cross.swift; path = Common/SVG/Cross.swift; sourceTree = "<group>"; };
		3546F3711DE36A5C005702EE /* Circle.swift */ = {isa = PBXFileReference; fileEncoding = 4; lastKnownFileType = sourcecode.swift; name = Circle.swift; path = Common/SVG/Circle.swift; sourceTree = "<group>"; };
		3546F3741DE36AA4005702EE /* Note.swift */ = {isa = PBXFileReference; fileEncoding = 4; lastKnownFileType = sourcecode.swift; name = Note.swift; path = Common/Note.swift; sourceTree = "<group>"; };
		3546F3771DE36AF9005702EE /* Chord.swift */ = {isa = PBXFileReference; fileEncoding = 4; lastKnownFileType = sourcecode.swift; name = Chord.swift; path = Common/SVG/Chord.swift; sourceTree = "<group>"; };
		3546F37A1DE36B8B005702EE /* String+Parser.swift */ = {isa = PBXFileReference; fileEncoding = 4; lastKnownFileType = sourcecode.swift; name = "String+Parser.swift"; path = "Common/Extensions/String+Parser.swift"; sourceTree = "<group>"; };
		AD97D2E31DE349F4001703A9 /* ChordKit.framework */ = {isa = PBXFileReference; explicitFileType = wrapper.framework; includeInIndex = 0; path = ChordKit.framework; sourceTree = BUILT_PRODUCTS_DIR; };
		AD97D2E61DE349F4001703A9 /* ChordKit.h */ = {isa = PBXFileReference; lastKnownFileType = sourcecode.c.h; path = ChordKit.h; sourceTree = "<group>"; };
		AD97D2E71DE349F4001703A9 /* Info.plist */ = {isa = PBXFileReference; lastKnownFileType = text.plist.xml; path = Info.plist; sourceTree = "<group>"; };
		AD97D2EC1DE349F4001703A9 /* ChordKitTests.xctest */ = {isa = PBXFileReference; explicitFileType = wrapper.cfbundle; includeInIndex = 0; path = ChordKitTests.xctest; sourceTree = BUILT_PRODUCTS_DIR; };
		AD97D2F11DE349F4001703A9 /* ChordKitTests.swift */ = {isa = PBXFileReference; lastKnownFileType = sourcecode.swift; path = ChordKitTests.swift; sourceTree = "<group>"; };
		AD97D2F31DE349F4001703A9 /* Info.plist */ = {isa = PBXFileReference; lastKnownFileType = text.plist.xml; path = Info.plist; sourceTree = "<group>"; };
		AD97D3021DE34A33001703A9 /* Chord */ = {isa = PBXFileReference; explicitFileType = "compiled.mach-o.executable"; includeInIndex = 0; path = Chord; sourceTree = BUILT_PRODUCTS_DIR; };
		AD97D3041DE34A33001703A9 /* main.swift */ = {isa = PBXFileReference; lastKnownFileType = sourcecode.swift; path = main.swift; sourceTree = "<group>"; };
/* End PBXFileReference section */

/* Begin PBXFrameworksBuildPhase section */
		AD97D2DF1DE349F4001703A9 /* Frameworks */ = {
			isa = PBXFrameworksBuildPhase;
			buildActionMask = 2147483647;
			files = (
			);
			runOnlyForDeploymentPostprocessing = 0;
		};
		AD97D2E91DE349F4001703A9 /* Frameworks */ = {
			isa = PBXFrameworksBuildPhase;
			buildActionMask = 2147483647;
			files = (
				AD97D2ED1DE349F4001703A9 /* ChordKit.framework in Frameworks */,
			);
			runOnlyForDeploymentPostprocessing = 0;
		};
		AD97D2FF1DE34A33001703A9 /* Frameworks */ = {
			isa = PBXFrameworksBuildPhase;
			buildActionMask = 2147483647;
			files = (
			);
			runOnlyForDeploymentPostprocessing = 0;
		};
/* End PBXFrameworksBuildPhase section */

/* Begin PBXGroup section */
		3546F34B1DE36754005702EE /* Extensions */ = {
			isa = PBXGroup;
			children = (
				3546F37A1DE36B8B005702EE /* String+Parser.swift */,
				3546F34C1DE3678F005702EE /* String+Subscript.swift */,
				3546F3521DE367E9005702EE /* UInt+Indentation.swift */,
			);
			name = Extensions;
			sourceTree = "<group>";
		};
		3546F35E1DE36937005702EE /* SVG */ = {
			isa = PBXGroup;
			children = (
				3546F3771DE36AF9005702EE /* Chord.swift */,
				3546F3711DE36A5C005702EE /* Circle.swift */,
				3546F36E1DE36A40005702EE /* Cross.swift */,
				3546F36B1DE36A2D005702EE /* Line.swift */,
				3546F35F1DE36950005702EE /* Node.swift */,
				3546F3621DE3697B005702EE /* SVG.swift */,
				3546F3681DE36A15005702EE /* Text.swift */,
			);
			name = SVG;
			sourceTree = "<group>";
		};
		AD97D2D91DE349F4001703A9 = {
			isa = PBXGroup;
			children = (
				AD97D2FD1DE34A03001703A9 /* Common */,
				AD97D2E51DE349F4001703A9 /* ChordKit */,
				AD97D2F01DE349F4001703A9 /* ChordKitTests */,
				AD97D3031DE34A33001703A9 /* Chord */,
				AD97D2E41DE349F4001703A9 /* Products */,
			);
			sourceTree = "<group>";
		};
		AD97D2E41DE349F4001703A9 /* Products */ = {
			isa = PBXGroup;
			children = (
				AD97D2E31DE349F4001703A9 /* ChordKit.framework */,
				AD97D2EC1DE349F4001703A9 /* ChordKitTests.xctest */,
				AD97D3021DE34A33001703A9 /* Chord */,
			);
			name = Products;
			sourceTree = "<group>";
		};
		AD97D2E51DE349F4001703A9 /* ChordKit */ = {
			isa = PBXGroup;
			children = (
				AD97D2E61DE349F4001703A9 /* ChordKit.h */,
				AD97D2E71DE349F4001703A9 /* Info.plist */,
			);
			path = ChordKit;
			sourceTree = "<group>";
		};
		AD97D2F01DE349F4001703A9 /* ChordKitTests */ = {
			isa = PBXGroup;
			children = (
				AD97D2F11DE349F4001703A9 /* ChordKitTests.swift */,
				AD97D2F31DE349F4001703A9 /* Info.plist */,
			);
			path = ChordKitTests;
			sourceTree = "<group>";
		};
		AD97D2FD1DE34A03001703A9 /* Common */ = {
			isa = PBXGroup;
			children = (
				3546F34B1DE36754005702EE /* Extensions */,
				3546F35E1DE36937005702EE /* SVG */,
				3546F34F1DE367A9005702EE /* ChordKit.swift */,
				3546F3581DE368A1005702EE /* Color.swift */,
				3546F3651DE369DC005702EE /* Config.swift */,
				3546F3741DE36AA4005702EE /* Note.swift */,
				3546F35B1DE368BC005702EE /* Point.swift */,
				3546F3551DE36877005702EE /* Printable.swift */,
			);
			name = Common;
			sourceTree = "<group>";
		};
		AD97D3031DE34A33001703A9 /* Chord */ = {
			isa = PBXGroup;
			children = (
				AD97D3041DE34A33001703A9 /* main.swift */,
			);
			path = Chord;
			sourceTree = "<group>";
		};
/* End PBXGroup section */

/* Begin PBXHeadersBuildPhase section */
		AD97D2E01DE349F4001703A9 /* Headers */ = {
			isa = PBXHeadersBuildPhase;
			buildActionMask = 2147483647;
			files = (
				AD97D2F41DE349F4001703A9 /* ChordKit.h in Headers */,
			);
			runOnlyForDeploymentPostprocessing = 0;
		};
/* End PBXHeadersBuildPhase section */

/* Begin PBXNativeTarget section */
		AD97D2E21DE349F4001703A9 /* ChordKit */ = {
			isa = PBXNativeTarget;
			buildConfigurationList = AD97D2F71DE349F4001703A9 /* Build configuration list for PBXNativeTarget "ChordKit" */;
			buildPhases = (
				AD97D2DE1DE349F4001703A9 /* Sources */,
				AD97D2DF1DE349F4001703A9 /* Frameworks */,
				AD97D2E01DE349F4001703A9 /* Headers */,
				AD97D2E11DE349F4001703A9 /* Resources */,
			);
			buildRules = (
			);
			dependencies = (
			);
			name = ChordKit;
			productName = ChordKit;
			productReference = AD97D2E31DE349F4001703A9 /* ChordKit.framework */;
			productType = "com.apple.product-type.framework";
		};
		AD97D2EB1DE349F4001703A9 /* ChordKitTests */ = {
			isa = PBXNativeTarget;
			buildConfigurationList = AD97D2FA1DE349F4001703A9 /* Build configuration list for PBXNativeTarget "ChordKitTests" */;
			buildPhases = (
				AD97D2E81DE349F4001703A9 /* Sources */,
				AD97D2E91DE349F4001703A9 /* Frameworks */,
				AD97D2EA1DE349F4001703A9 /* Resources */,
			);
			buildRules = (
			);
			dependencies = (
				AD97D2EF1DE349F4001703A9 /* PBXTargetDependency */,
			);
			name = ChordKitTests;
			productName = ChordKitTests;
			productReference = AD97D2EC1DE349F4001703A9 /* ChordKitTests.xctest */;
			productType = "com.apple.product-type.bundle.unit-test";
		};
		AD97D3011DE34A33001703A9 /* Chord */ = {
			isa = PBXNativeTarget;
			buildConfigurationList = AD97D3061DE34A33001703A9 /* Build configuration list for PBXNativeTarget "Chord" */;
			buildPhases = (
				AD97D2FE1DE34A33001703A9 /* Sources */,
				AD97D2FF1DE34A33001703A9 /* Frameworks */,
				AD97D3001DE34A33001703A9 /* CopyFiles */,
			);
			buildRules = (
			);
			dependencies = (
			);
			name = Chord;
			productName = Chord;
			productReference = AD97D3021DE34A33001703A9 /* Chord */;
			productType = "com.apple.product-type.tool";
		};
/* End PBXNativeTarget section */

/* Begin PBXProject section */
		AD97D2DA1DE349F4001703A9 /* Project object */ = {
			isa = PBXProject;
			attributes = {
				LastSwiftUpdateCheck = 0810;
				LastUpgradeCheck = 0810;
				ORGANIZATIONNAME = cargath;
				TargetAttributes = {
					AD97D2E21DE349F4001703A9 = {
						CreatedOnToolsVersion = 8.1;
						LastSwiftMigration = 0810;
						ProvisioningStyle = Automatic;
					};
					AD97D2EB1DE349F4001703A9 = {
						CreatedOnToolsVersion = 8.1;
						ProvisioningStyle = Automatic;
					};
					AD97D3011DE34A33001703A9 = {
						CreatedOnToolsVersion = 8.1;
						ProvisioningStyle = Automatic;
					};
				};
			};
			buildConfigurationList = AD97D2DD1DE349F4001703A9 /* Build configuration list for PBXProject "ChordKit" */;
			compatibilityVersion = "Xcode 3.2";
			developmentRegion = English;
			hasScannedForEncodings = 0;
			knownRegions = (
				en,
			);
			mainGroup = AD97D2D91DE349F4001703A9;
			productRefGroup = AD97D2E41DE349F4001703A9 /* Products */;
			projectDirPath = "";
			projectRoot = "";
			targets = (
				AD97D2E21DE349F4001703A9 /* ChordKit */,
				AD97D2EB1DE349F4001703A9 /* ChordKitTests */,
				AD97D3011DE34A33001703A9 /* Chord */,
			);
		};
/* End PBXProject section */

/* Begin PBXResourcesBuildPhase section */
		AD97D2E11DE349F4001703A9 /* Resources */ = {
			isa = PBXResourcesBuildPhase;
			buildActionMask = 2147483647;
			files = (
			);
			runOnlyForDeploymentPostprocessing = 0;
		};
		AD97D2EA1DE349F4001703A9 /* Resources */ = {
			isa = PBXResourcesBuildPhase;
			buildActionMask = 2147483647;
			files = (
			);
			runOnlyForDeploymentPostprocessing = 0;
		};
/* End PBXResourcesBuildPhase section */

/* Begin PBXSourcesBuildPhase section */
		AD97D2DE1DE349F4001703A9 /* Sources */ = {
			isa = PBXSourcesBuildPhase;
			buildActionMask = 2147483647;
			files = (
				3546F3531DE367E9005702EE /* UInt+Indentation.swift in Sources */,
				3546F3501DE367A9005702EE /* ChordKit.swift in Sources */,
				3546F3661DE369DC005702EE /* Config.swift in Sources */,
				3546F35C1DE368BC005702EE /* Point.swift in Sources */,
				3546F36F1DE36A40005702EE /* Cross.swift in Sources */,
				3546F34D1DE3678F005702EE /* String+Subscript.swift in Sources */,
				3546F3781DE36AF9005702EE /* Chord.swift in Sources */,
				3546F3631DE3697B005702EE /* SVG.swift in Sources */,
				3546F3691DE36A15005702EE /* Text.swift in Sources */,
				3546F3591DE368A1005702EE /* Color.swift in Sources */,
				3546F3751DE36AA4005702EE /* Note.swift in Sources */,
				3546F3721DE36A5C005702EE /* Circle.swift in Sources */,
				3546F3561DE36877005702EE /* Printable.swift in Sources */,
				3546F37B1DE36B8B005702EE /* String+Parser.swift in Sources */,
				3546F36C1DE36A2D005702EE /* Line.swift in Sources */,
				3546F3601DE36950005702EE /* Node.swift in Sources */,
			);
			runOnlyForDeploymentPostprocessing = 0;
		};
		AD97D2E81DE349F4001703A9 /* Sources */ = {
			isa = PBXSourcesBuildPhase;
			buildActionMask = 2147483647;
			files = (
				AD97D2F21DE349F4001703A9 /* ChordKitTests.swift in Sources */,
			);
			runOnlyForDeploymentPostprocessing = 0;
		};
		AD97D2FE1DE34A33001703A9 /* Sources */ = {
			isa = PBXSourcesBuildPhase;
			buildActionMask = 2147483647;
			files = (
				3546F34E1DE3678F005702EE /* String+Subscript.swift in Sources */,
				3546F3541DE367E9005702EE /* UInt+Indentation.swift in Sources */,
				3546F3511DE367A9005702EE /* ChordKit.swift in Sources */,
				3546F3611DE36950005702EE /* Node.swift in Sources */,
				AD97D3051DE34A33001703A9 /* main.swift in Sources */,
				3546F3761DE36AA4005702EE /* Note.swift in Sources */,
				3546F3791DE36AF9005702EE /* Chord.swift in Sources */,
				3546F35D1DE368BC005702EE /* Point.swift in Sources */,
				3546F3641DE3697B005702EE /* SVG.swift in Sources */,
				3546F3731DE36A5C005702EE /* Circle.swift in Sources */,
				3546F37C1DE36B8B005702EE /* String+Parser.swift in Sources */,
				3546F3701DE36A40005702EE /* Cross.swift in Sources */,
				3546F3671DE369DC005702EE /* Config.swift in Sources */,
				3546F3571DE36877005702EE /* Printable.swift in Sources */,
				3546F36D1DE36A2D005702EE /* Line.swift in Sources */,
				3546F36A1DE36A15005702EE /* Text.swift in Sources */,
				3546F35A1DE368A1005702EE /* Color.swift in Sources */,
			);
			runOnlyForDeploymentPostprocessing = 0;
		};
/* End PBXSourcesBuildPhase section */

/* Begin PBXTargetDependency section */
		AD97D2EF1DE349F4001703A9 /* PBXTargetDependency */ = {
			isa = PBXTargetDependency;
			target = AD97D2E21DE349F4001703A9 /* ChordKit */;
			targetProxy = AD97D2EE1DE349F4001703A9 /* PBXContainerItemProxy */;
		};
/* End PBXTargetDependency section */

/* Begin XCBuildConfiguration section */
		AD97D2F51DE349F4001703A9 /* Debug */ = {
			isa = XCBuildConfiguration;
			buildSettings = {
				ALWAYS_SEARCH_USER_PATHS = NO;
				CLANG_ANALYZER_NONNULL = YES;
				CLANG_CXX_LANGUAGE_STANDARD = "gnu++0x";
				CLANG_CXX_LIBRARY = "libc++";
				CLANG_ENABLE_MODULES = YES;
				CLANG_ENABLE_OBJC_ARC = YES;
				CLANG_WARN_BOOL_CONVERSION = YES;
				CLANG_WARN_CONSTANT_CONVERSION = YES;
				CLANG_WARN_DIRECT_OBJC_ISA_USAGE = YES_ERROR;
				CLANG_WARN_DOCUMENTATION_COMMENTS = YES;
				CLANG_WARN_EMPTY_BODY = YES;
				CLANG_WARN_ENUM_CONVERSION = YES;
				CLANG_WARN_INFINITE_RECURSION = YES;
				CLANG_WARN_INT_CONVERSION = YES;
				CLANG_WARN_OBJC_ROOT_CLASS = YES_ERROR;
				CLANG_WARN_SUSPICIOUS_MOVES = YES;
				CLANG_WARN_UNREACHABLE_CODE = YES;
				CLANG_WARN__DUPLICATE_METHOD_MATCH = YES;
				"CODE_SIGN_IDENTITY[sdk=iphoneos*]" = "iPhone Developer";
				COPY_PHASE_STRIP = NO;
				CURRENT_PROJECT_VERSION = 1;
				DEBUG_INFORMATION_FORMAT = dwarf;
				ENABLE_STRICT_OBJC_MSGSEND = YES;
				ENABLE_TESTABILITY = YES;
				GCC_C_LANGUAGE_STANDARD = gnu99;
				GCC_DYNAMIC_NO_PIC = NO;
				GCC_NO_COMMON_BLOCKS = YES;
				GCC_OPTIMIZATION_LEVEL = 0;
				GCC_PREPROCESSOR_DEFINITIONS = (
					"DEBUG=1",
					"$(inherited)",
				);
				GCC_WARN_64_TO_32_BIT_CONVERSION = YES;
				GCC_WARN_ABOUT_RETURN_TYPE = YES_ERROR;
				GCC_WARN_UNDECLARED_SELECTOR = YES;
				GCC_WARN_UNINITIALIZED_AUTOS = YES_AGGRESSIVE;
				GCC_WARN_UNUSED_FUNCTION = YES;
				GCC_WARN_UNUSED_VARIABLE = YES;
				IPHONEOS_DEPLOYMENT_TARGET = 9.3;
				MTL_ENABLE_DEBUG_INFO = YES;
				ONLY_ACTIVE_ARCH = YES;
				SDKROOT = iphoneos;
				SWIFT_ACTIVE_COMPILATION_CONDITIONS = DEBUG;
				SWIFT_OPTIMIZATION_LEVEL = "-Onone";
				TARGETED_DEVICE_FAMILY = "1,2";
				VERSIONING_SYSTEM = "apple-generic";
				VERSION_INFO_PREFIX = "";
			};
			name = Debug;
		};
		AD97D2F61DE349F4001703A9 /* Release */ = {
			isa = XCBuildConfiguration;
			buildSettings = {
				ALWAYS_SEARCH_USER_PATHS = NO;
				CLANG_ANALYZER_NONNULL = YES;
				CLANG_CXX_LANGUAGE_STANDARD = "gnu++0x";
				CLANG_CXX_LIBRARY = "libc++";
				CLANG_ENABLE_MODULES = YES;
				CLANG_ENABLE_OBJC_ARC = YES;
				CLANG_WARN_BOOL_CONVERSION = YES;
				CLANG_WARN_CONSTANT_CONVERSION = YES;
				CLANG_WARN_DIRECT_OBJC_ISA_USAGE = YES_ERROR;
				CLANG_WARN_DOCUMENTATION_COMMENTS = YES;
				CLANG_WARN_EMPTY_BODY = YES;
				CLANG_WARN_ENUM_CONVERSION = YES;
				CLANG_WARN_INFINITE_RECURSION = YES;
				CLANG_WARN_INT_CONVERSION = YES;
				CLANG_WARN_OBJC_ROOT_CLASS = YES_ERROR;
				CLANG_WARN_SUSPICIOUS_MOVES = YES;
				CLANG_WARN_UNREACHABLE_CODE = YES;
				CLANG_WARN__DUPLICATE_METHOD_MATCH = YES;
				"CODE_SIGN_IDENTITY[sdk=iphoneos*]" = "iPhone Developer";
				COPY_PHASE_STRIP = NO;
				CURRENT_PROJECT_VERSION = 1;
				DEBUG_INFORMATION_FORMAT = "dwarf-with-dsym";
				ENABLE_NS_ASSERTIONS = NO;
				ENABLE_STRICT_OBJC_MSGSEND = YES;
				GCC_C_LANGUAGE_STANDARD = gnu99;
				GCC_NO_COMMON_BLOCKS = YES;
				GCC_WARN_64_TO_32_BIT_CONVERSION = YES;
				GCC_WARN_ABOUT_RETURN_TYPE = YES_ERROR;
				GCC_WARN_UNDECLARED_SELECTOR = YES;
				GCC_WARN_UNINITIALIZED_AUTOS = YES_AGGRESSIVE;
				GCC_WARN_UNUSED_FUNCTION = YES;
				GCC_WARN_UNUSED_VARIABLE = YES;
				IPHONEOS_DEPLOYMENT_TARGET = 9.3;
				MTL_ENABLE_DEBUG_INFO = NO;
				SDKROOT = iphoneos;
				SWIFT_OPTIMIZATION_LEVEL = "-Owholemodule";
				TARGETED_DEVICE_FAMILY = "1,2";
				VALIDATE_PRODUCT = YES;
				VERSIONING_SYSTEM = "apple-generic";
				VERSION_INFO_PREFIX = "";
			};
			name = Release;
		};
		AD97D2F81DE349F4001703A9 /* Debug */ = {
			isa = XCBuildConfiguration;
			buildSettings = {
				CLANG_ENABLE_MODULES = YES;
				CODE_SIGN_IDENTITY = "";
				DEFINES_MODULE = YES;
				DYLIB_COMPATIBILITY_VERSION = 1;
				DYLIB_CURRENT_VERSION = 1;
				DYLIB_INSTALL_NAME_BASE = "@rpath";
				INFOPLIST_FILE = ChordKit/Info.plist;
				INSTALL_PATH = "$(LOCAL_LIBRARY_DIR)/Frameworks";
				IPHONEOS_DEPLOYMENT_TARGET = 9.3;
				LD_RUNPATH_SEARCH_PATHS = "$(inherited) @executable_path/Frameworks @loader_path/Frameworks";
				PRODUCT_BUNDLE_IDENTIFIER = de.cargath.ChordKit;
				PRODUCT_NAME = "$(TARGET_NAME)";
				SKIP_INSTALL = YES;
				SWIFT_OPTIMIZATION_LEVEL = "-Onone";
				SWIFT_VERSION = 3.0;
			};
			name = Debug;
		};
		AD97D2F91DE349F4001703A9 /* Release */ = {
			isa = XCBuildConfiguration;
			buildSettings = {
				CLANG_ENABLE_MODULES = YES;
				CODE_SIGN_IDENTITY = "";
				DEFINES_MODULE = YES;
				DYLIB_COMPATIBILITY_VERSION = 1;
				DYLIB_CURRENT_VERSION = 1;
				DYLIB_INSTALL_NAME_BASE = "@rpath";
				INFOPLIST_FILE = ChordKit/Info.plist;
				INSTALL_PATH = "$(LOCAL_LIBRARY_DIR)/Frameworks";
				IPHONEOS_DEPLOYMENT_TARGET = 9.3;
				LD_RUNPATH_SEARCH_PATHS = "$(inherited) @executable_path/Frameworks @loader_path/Frameworks";
				PRODUCT_BUNDLE_IDENTIFIER = de.cargath.ChordKit;
				PRODUCT_NAME = "$(TARGET_NAME)";
				SKIP_INSTALL = YES;
				SWIFT_VERSION = 3.0;
			};
			name = Release;
		};
		AD97D2FB1DE349F4001703A9 /* Debug */ = {
			isa = XCBuildConfiguration;
			buildSettings = {
				ALWAYS_EMBED_SWIFT_STANDARD_LIBRARIES = YES;
				INFOPLIST_FILE = ChordKitTests/Info.plist;
				LD_RUNPATH_SEARCH_PATHS = "$(inherited) @executable_path/Frameworks @loader_path/Frameworks";
				PRODUCT_BUNDLE_IDENTIFIER = de.cargath.ChordKitTests;
				PRODUCT_NAME = "$(TARGET_NAME)";
				SWIFT_VERSION = 3.0;
			};
			name = Debug;
		};
		AD97D2FC1DE349F4001703A9 /* Release */ = {
			isa = XCBuildConfiguration;
			buildSettings = {
				ALWAYS_EMBED_SWIFT_STANDARD_LIBRARIES = YES;
				INFOPLIST_FILE = ChordKitTests/Info.plist;
				LD_RUNPATH_SEARCH_PATHS = "$(inherited) @executable_path/Frameworks @loader_path/Frameworks";
				PRODUCT_BUNDLE_IDENTIFIER = de.cargath.ChordKitTests;
				PRODUCT_NAME = "$(TARGET_NAME)";
				SWIFT_VERSION = 3.0;
			};
			name = Release;
		};
		AD97D3071DE34A33001703A9 /* Debug */ = {
			isa = XCBuildConfiguration;
			buildSettings = {
				CODE_SIGN_IDENTITY = "-";
				MACOSX_DEPLOYMENT_TARGET = 10.12;
				PRODUCT_NAME = "$(TARGET_NAME)";
				SDKROOT = macosx;
				SWIFT_VERSION = 3.0;
			};
			name = Debug;
		};
		AD97D3081DE34A33001703A9 /* Release */ = {
			isa = XCBuildConfiguration;
			buildSettings = {
				CODE_SIGN_IDENTITY = "-";
				MACOSX_DEPLOYMENT_TARGET = 10.12;
				PRODUCT_NAME = "$(TARGET_NAME)";
				SDKROOT = macosx;
				SWIFT_VERSION = 3.0;
			};
			name = Release;
		};
/* End XCBuildConfiguration section */

/* Begin XCConfigurationList section */
		AD97D2DD1DE349F4001703A9 /* Build configuration list for PBXProject "ChordKit" */ = {
			isa = XCConfigurationList;
			buildConfigurations = (
				AD97D2F51DE349F4001703A9 /* Debug */,
				AD97D2F61DE349F4001703A9 /* Release */,
			);
			defaultConfigurationIsVisible = 0;
			defaultConfigurationName = Release;
		};
		AD97D2F71DE349F4001703A9 /* Build configuration list for PBXNativeTarget "ChordKit" */ = {
			isa = XCConfigurationList;
			buildConfigurations = (
				AD97D2F81DE349F4001703A9 /* Debug */,
				AD97D2F91DE349F4001703A9 /* Release */,
			);
			defaultConfigurationIsVisible = 0;
			defaultConfigurationName = Release;
		};
		AD97D2FA1DE349F4001703A9 /* Build configuration list for PBXNativeTarget "ChordKitTests" */ = {
			isa = XCConfigurationList;
			buildConfigurations = (
				AD97D2FB1DE349F4001703A9 /* Debug */,
				AD97D2FC1DE349F4001703A9 /* Release */,
			);
			defaultConfigurationIsVisible = 0;
			defaultConfigurationName = Release;
		};
		AD97D3061DE34A33001703A9 /* Build configuration list for PBXNativeTarget "Chord" */ = {
			isa = XCConfigurationList;
			buildConfigurations = (
				AD97D3071DE34A33001703A9 /* Debug */,
				AD97D3081DE34A33001703A9 /* Release */,
			);
			defaultConfigurationIsVisible = 0;
			defaultConfigurationName = Release;
		};
/* End XCConfigurationList section */
	};
	rootObject = AD97D2DA1DE349F4001703A9 /* Project object */;
}
